// !$*UTF8*$!
{
	archiveVersion = 1;
	classes = {
	};
	objectVersion = 55;
	objects = {

/* Begin PBXBuildFile section */
		2C87436629A79C3F0021020B /* AppDelegate.swift in Sources */ = {isa = PBXBuildFile; fileRef = 2C87436529A79C3F0021020B /* AppDelegate.swift */; };
		2C87436829A79C3F0021020B /* SceneDelegate.swift in Sources */ = {isa = PBXBuildFile; fileRef = 2C87436729A79C3F0021020B /* SceneDelegate.swift */; };
		2C87436A29A79C3F0021020B /* ViewController.swift in Sources */ = {isa = PBXBuildFile; fileRef = 2C87436929A79C3F0021020B /* ViewController.swift */; };
		2C87436D29A79C3F0021020B /* Main.storyboard in Resources */ = {isa = PBXBuildFile; fileRef = 2C87436B29A79C3F0021020B /* Main.storyboard */; };
		2C87436F29A79C430021020B /* Assets.xcassets in Resources */ = {isa = PBXBuildFile; fileRef = 2C87436E29A79C430021020B /* Assets.xcassets */; };
		2C87437229A79C430021020B /* LaunchScreen.storyboard in Resources */ = {isa = PBXBuildFile; fileRef = 2C87437029A79C430021020B /* LaunchScreen.storyboard */; };
		2C87437D29A79C430021020B /* TestUnitAppTests.swift in Sources */ = {isa = PBXBuildFile; fileRef = 2C87437C29A79C430021020B /* TestUnitAppTests.swift */; };
		2C87439629A7D9FF0021020B /* UtilsTests.swift in Sources */ = {isa = PBXBuildFile; fileRef = 2C87439529A7D9FF0021020B /* UtilsTests.swift */; };
		2C87439829A7DB940021020B /* Utils.swift in Sources */ = {isa = PBXBuildFile; fileRef = 2C87439729A7DB940021020B /* Utils.swift */; };
/* End PBXBuildFile section */

/* Begin PBXContainerItemProxy section */
		2C87437929A79C430021020B /* PBXContainerItemProxy */ = {
			isa = PBXContainerItemProxy;
			containerPortal = 2C87435A29A79C3F0021020B /* Project object */;
			proxyType = 1;
			remoteGlobalIDString = 2C87436129A79C3F0021020B;
			remoteInfo = TestUnitApp;
		};
/* End PBXContainerItemProxy section */

/* Begin PBXFileReference section */
		2C87436229A79C3F0021020B /* TestUnitApp.app */ = {isa = PBXFileReference; explicitFileType = wrapper.application; includeInIndex = 0; path = TestUnitApp.app; sourceTree = BUILT_PRODUCTS_DIR; };
		2C87436529A79C3F0021020B /* AppDelegate.swift */ = {isa = PBXFileReference; lastKnownFileType = sourcecode.swift; path = AppDelegate.swift; sourceTree = "<group>"; };
		2C87436729A79C3F0021020B /* SceneDelegate.swift */ = {isa = PBXFileReference; lastKnownFileType = sourcecode.swift; path = SceneDelegate.swift; sourceTree = "<group>"; };
		2C87436929A79C3F0021020B /* ViewController.swift */ = {isa = PBXFileReference; lastKnownFileType = sourcecode.swift; path = ViewController.swift; sourceTree = "<group>"; };
		2C87436C29A79C3F0021020B /* Base */ = {isa = PBXFileReference; lastKnownFileType = file.storyboard; name = Base; path = Base.lproj/Main.storyboard; sourceTree = "<group>"; };
		2C87436E29A79C430021020B /* Assets.xcassets */ = {isa = PBXFileReference; lastKnownFileType = folder.assetcatalog; path = Assets.xcassets; sourceTree = "<group>"; };
		2C87437129A79C430021020B /* Base */ = {isa = PBXFileReference; lastKnownFileType = file.storyboard; name = Base; path = Base.lproj/LaunchScreen.storyboard; sourceTree = "<group>"; };
		2C87437329A79C430021020B /* Info.plist */ = {isa = PBXFileReference; lastKnownFileType = text.plist.xml; path = Info.plist; sourceTree = "<group>"; };
		2C87437829A79C430021020B /* TestUnitAppTests.xctest */ = {isa = PBXFileReference; explicitFileType = wrapper.cfbundle; includeInIndex = 0; path = TestUnitAppTests.xctest; sourceTree = BUILT_PRODUCTS_DIR; };
		2C87437C29A79C430021020B /* TestUnitAppTests.swift */ = {isa = PBXFileReference; lastKnownFileType = sourcecode.swift; path = TestUnitAppTests.swift; sourceTree = "<group>"; };
		2C87439529A7D9FF0021020B /* UtilsTests.swift */ = {isa = PBXFileReference; lastKnownFileType = sourcecode.swift; path = UtilsTests.swift; sourceTree = "<group>"; };
		2C87439729A7DB940021020B /* Utils.swift */ = {isa = PBXFileReference; lastKnownFileType = sourcecode.swift; path = Utils.swift; sourceTree = "<group>"; };
/* End PBXFileReference section */

/* Begin PBXFrameworksBuildPhase section */
		2C87435F29A79C3F0021020B /* Frameworks */ = {
			isa = PBXFrameworksBuildPhase;
			buildActionMask = 2147483647;
			files = (
			);
			runOnlyForDeploymentPostprocessing = 0;
		};
		2C87437529A79C430021020B /* Frameworks */ = {
			isa = PBXFrameworksBuildPhase;
			buildActionMask = 2147483647;
			files = (
			);
			runOnlyForDeploymentPostprocessing = 0;
		};
/* End PBXFrameworksBuildPhase section */

/* Begin PBXGroup section */
		2C87435929A79C3F0021020B = {
			isa = PBXGroup;
			children = (
				2C87436429A79C3F0021020B /* TestUnitApp */,
				2C87437B29A79C430021020B /* TestUnitAppTests */,
				2C87436329A79C3F0021020B /* Products */,
			);
			sourceTree = "<group>";
		};
		2C87436329A79C3F0021020B /* Products */ = {
			isa = PBXGroup;
			children = (
				2C87436229A79C3F0021020B /* TestUnitApp.app */,
				2C87437829A79C430021020B /* TestUnitAppTests.xctest */,
			);
			name = Products;
			sourceTree = "<group>";
		};
		2C87436429A79C3F0021020B /* TestUnitApp */ = {
			isa = PBXGroup;
			children = (
				2C87436529A79C3F0021020B /* AppDelegate.swift */,
				2C87436729A79C3F0021020B /* SceneDelegate.swift */,
				2C87436929A79C3F0021020B /* ViewController.swift */,
				2C87436B29A79C3F0021020B /* Main.storyboard */,
				2C87436E29A79C430021020B /* Assets.xcassets */,
				2C87437029A79C430021020B /* LaunchScreen.storyboard */,
				2C87437329A79C430021020B /* Info.plist */,
				2C87439729A7DB940021020B /* Utils.swift */,
			);
			path = TestUnitApp;
			sourceTree = "<group>";
		};
		2C87437B29A79C430021020B /* TestUnitAppTests */ = {
			isa = PBXGroup;
			children = (
				2C87437C29A79C430021020B /* TestUnitAppTests.swift */,
				2C87439529A7D9FF0021020B /* UtilsTests.swift */,
			);
			path = TestUnitAppTests;
			sourceTree = "<group>";
		};
/* End PBXGroup section */

/* Begin PBXNativeTarget section */
		2C87436129A79C3F0021020B /* TestUnitApp */ = {
			isa = PBXNativeTarget;
			buildConfigurationList = 2C87438C29A79C430021020B /* Build configuration list for PBXNativeTarget "TestUnitApp" */;
			buildPhases = (
				2C87435E29A79C3F0021020B /* Sources */,
				2C87435F29A79C3F0021020B /* Frameworks */,
				2C87436029A79C3F0021020B /* Resources */,
			);
			buildRules = (
			);
			dependencies = (
			);
			name = TestUnitApp;
			productName = TestUnitApp;
			productReference = 2C87436229A79C3F0021020B /* TestUnitApp.app */;
			productType = "com.apple.product-type.application";
		};
		2C87437729A79C430021020B /* TestUnitAppTests */ = {
			isa = PBXNativeTarget;
			buildConfigurationList = 2C87438F29A79C430021020B /* Build configuration list for PBXNativeTarget "TestUnitAppTests" */;
			buildPhases = (
				2C87437429A79C430021020B /* Sources */,
				2C87437529A79C430021020B /* Frameworks */,
				2C87437629A79C430021020B /* Resources */,
			);
			buildRules = (
			);
			dependencies = (
				2C87437A29A79C430021020B /* PBXTargetDependency */,
			);
			name = TestUnitAppTests;
			productName = TestUnitAppTests;
			productReference = 2C87437829A79C430021020B /* TestUnitAppTests.xctest */;
			productType = "com.apple.product-type.bundle.unit-test";
		};
/* End PBXNativeTarget section */

/* Begin PBXProject section */
		2C87435A29A79C3F0021020B /* Project object */ = {
			isa = PBXProject;
			attributes = {
				BuildIndependentTargetsInParallel = 1;
				LastSwiftUpdateCheck = 1340;
				LastUpgradeCheck = 1340;
				TargetAttributes = {
					2C87436129A79C3F0021020B = {
						CreatedOnToolsVersion = 13.4.1;
					};
					2C87437729A79C430021020B = {
						CreatedOnToolsVersion = 13.4.1;
						TestTargetID = 2C87436129A79C3F0021020B;
					};
				};
			};
			buildConfigurationList = 2C87435D29A79C3F0021020B /* Build configuration list for PBXProject "TestUnitApp" */;
			compatibilityVersion = "Xcode 13.0";
			developmentRegion = en;
			hasScannedForEncodings = 0;
			knownRegions = (
				en,
				Base,
			);
			mainGroup = 2C87435929A79C3F0021020B;
			productRefGroup = 2C87436329A79C3F0021020B /* Products */;
			projectDirPath = "";
			projectRoot = "";
			targets = (
				2C87436129A79C3F0021020B /* TestUnitApp */,
				2C87437729A79C430021020B /* TestUnitAppTests */,
			);
		};
/* End PBXProject section */

/* Begin PBXResourcesBuildPhase section */
		2C87436029A79C3F0021020B /* Resources */ = {
			isa = PBXResourcesBuildPhase;
			buildActionMask = 2147483647;
			files = (
				2C87437229A79C430021020B /* LaunchScreen.storyboard in Resources */,
				2C87436F29A79C430021020B /* Assets.xcassets in Resources */,
				2C87436D29A79C3F0021020B /* Main.storyboard in Resources */,
			);
			runOnlyForDeploymentPostprocessing = 0;
		};
		2C87437629A79C430021020B /* Resources */ = {
			isa = PBXResourcesBuildPhase;
			buildActionMask = 2147483647;
			files = (
			);
			runOnlyForDeploymentPostprocessing = 0;
		};
/* End PBXResourcesBuildPhase section */

/* Begin PBXSourcesBuildPhase section */
		2C87435E29A79C3F0021020B /* Sources */ = {
			isa = PBXSourcesBuildPhase;
			buildActionMask = 2147483647;
			files = (
				2C87436A29A79C3F0021020B /* ViewController.swift in Sources */,
				2C87436629A79C3F0021020B /* AppDelegate.swift in Sources */,
				2C87436829A79C3F0021020B /* SceneDelegate.swift in Sources */,
				2C87439829A7DB940021020B /* Utils.swift in Sources */,
			);
			runOnlyForDeploymentPostprocessing = 0;
		};
		2C87437429A79C430021020B /* Sources */ = {
			isa = PBXSourcesBuildPhase;
			buildActionMask = 2147483647;
			files = (
				2C87437D29A79C430021020B /* TestUnitAppTests.swift in Sources */,
				2C87439629A7D9FF0021020B /* UtilsTests.swift in Sources */,
			);
			runOnlyForDeploymentPostprocessing = 0;
		};
/* End PBXSourcesBuildPhase section */

/* Begin PBXTargetDependency section */
		2C87437A29A79C430021020B /* PBXTargetDependency */ = {
			isa = PBXTargetDependency;
			target = 2C87436129A79C3F0021020B /* TestUnitApp */;
			targetProxy = 2C87437929A79C430021020B /* PBXContainerItemProxy */;
		};
/* End PBXTargetDependency section */

/* Begin PBXVariantGroup section */
		2C87436B29A79C3F0021020B /* Main.storyboard */ = {
			isa = PBXVariantGroup;
			children = (
				2C87436C29A79C3F0021020B /* Base */,
			);
			name = Main.storyboard;
			sourceTree = "<group>";
		};
		2C87437029A79C430021020B /* LaunchScreen.storyboard */ = {
			isa = PBXVariantGroup;
			children = (
				2C87437129A79C430021020B /* Base */,
			);
			name = LaunchScreen.storyboard;
			sourceTree = "<group>";
		};
/* End PBXVariantGroup section */

/* Begin XCBuildConfiguration section */
		2C87438A29A79C430021020B /* Debug */ = {
			isa = XCBuildConfiguration;
			buildSettings = {
				ALWAYS_SEARCH_USER_PATHS = NO;
				CLANG_ANALYZER_NONNULL = YES;
				CLANG_ANALYZER_NUMBER_OBJECT_CONVERSION = YES_AGGRESSIVE;
				CLANG_CXX_LANGUAGE_STANDARD = "gnu++17";
				CLANG_ENABLE_MODULES = YES;
				CLANG_ENABLE_OBJC_ARC = YES;
				CLANG_ENABLE_OBJC_WEAK = YES;
				CLANG_WARN_BLOCK_CAPTURE_AUTORELEASING = YES;
				CLANG_WARN_BOOL_CONVERSION = YES;
				CLANG_WARN_COMMA = YES;
				CLANG_WARN_CONSTANT_CONVERSION = YES;
				CLANG_WARN_DEPRECATED_OBJC_IMPLEMENTATIONS = YES;
				CLANG_WARN_DIRECT_OBJC_ISA_USAGE = YES_ERROR;
				CLANG_WARN_DOCUMENTATION_COMMENTS = YES;
				CLANG_WARN_EMPTY_BODY = YES;
				CLANG_WARN_ENUM_CONVERSION = YES;
				CLANG_WARN_INFINITE_RECURSION = YES;
				CLANG_WARN_INT_CONVERSION = YES;
				CLANG_WARN_NON_LITERAL_NULL_CONVERSION = YES;
				CLANG_WARN_OBJC_IMPLICIT_RETAIN_SELF = YES;
				CLANG_WARN_OBJC_LITERAL_CONVERSION = YES;
				CLANG_WARN_OBJC_ROOT_CLASS = YES_ERROR;
				CLANG_WARN_QUOTED_INCLUDE_IN_FRAMEWORK_HEADER = YES;
				CLANG_WARN_RANGE_LOOP_ANALYSIS = YES;
				CLANG_WARN_STRICT_PROTOTYPES = YES;
				CLANG_WARN_SUSPICIOUS_MOVE = YES;
				CLANG_WARN_UNGUARDED_AVAILABILITY = YES_AGGRESSIVE;
				CLANG_WARN_UNREACHABLE_CODE = YES;
				CLANG_WARN__DUPLICATE_METHOD_MATCH = YES;
				COPY_PHASE_STRIP = NO;
				DEBUG_INFORMATION_FORMAT = dwarf;
				ENABLE_STRICT_OBJC_MSGSEND = YES;
				ENABLE_TESTABILITY = YES;
				GCC_C_LANGUAGE_STANDARD = gnu11;
				GCC_DYNAMIC_NO_PIC = NO;
				GCC_NO_COMMON_BLOCKS = YES;
				GCC_OPTIMIZATION_LEVEL = 0;
				GCC_PREPROCESSOR_DEFINITIONS = (
					"DEBUG=1",
					"$(inherited)",
				);
				GCC_WARN_64_TO_32_BIT_CONVERSION = YES;
				GCC_WARN_ABOUT_RETURN_TYPE = YES_ERROR;
				GCC_WARN_UNDECLARED_SELECTOR = YES;
				GCC_WARN_UNINITIALIZED_AUTOS = YES_AGGRESSIVE;
				GCC_WARN_UNUSED_FUNCTION = YES;
				GCC_WARN_UNUSED_VARIABLE = YES;
				IPHONEOS_DEPLOYMENT_TARGET = 15.5;
				MTL_ENABLE_DEBUG_INFO = INCLUDE_SOURCE;
				MTL_FAST_MATH = YES;
				ONLY_ACTIVE_ARCH = YES;
				SDKROOT = iphoneos;
				SWIFT_ACTIVE_COMPILATION_CONDITIONS = DEBUG;
				SWIFT_OPTIMIZATION_LEVEL = "-Onone";
			};
			name = Debug;
		};
		2C87438B29A79C430021020B /* Release */ = {
			isa = XCBuildConfiguration;
			buildSettings = {
				ALWAYS_SEARCH_USER_PATHS = NO;
				CLANG_ANALYZER_NONNULL = YES;
				CLANG_ANALYZER_NUMBER_OBJECT_CONVERSION = YES_AGGRESSIVE;
				CLANG_CXX_LANGUAGE_STANDARD = "gnu++17";
				CLANG_ENABLE_MODULES = YES;
				CLANG_ENABLE_OBJC_ARC = YES;
				CLANG_ENABLE_OBJC_WEAK = YES;
				CLANG_WARN_BLOCK_CAPTURE_AUTORELEASING = YES;
				CLANG_WARN_BOOL_CONVERSION = YES;
				CLANG_WARN_COMMA = YES;
				CLANG_WARN_CONSTANT_CONVERSION = YES;
				CLANG_WARN_DEPRECATED_OBJC_IMPLEMENTATIONS = YES;
				CLANG_WARN_DIRECT_OBJC_ISA_USAGE = YES_ERROR;
				CLANG_WARN_DOCUMENTATION_COMMENTS = YES;
				CLANG_WARN_EMPTY_BODY = YES;
				CLANG_WARN_ENUM_CONVERSION = YES;
				CLANG_WARN_INFINITE_RECURSION = YES;
				CLANG_WARN_INT_CONVERSION = YES;
				CLANG_WARN_NON_LITERAL_NULL_CONVERSION = YES;
				CLANG_WARN_OBJC_IMPLICIT_RETAIN_SELF = YES;
				CLANG_WARN_OBJC_LITERAL_CONVERSION = YES;
				CLANG_WARN_OBJC_ROOT_CLASS = YES_ERROR;
				CLANG_WARN_QUOTED_INCLUDE_IN_FRAMEWORK_HEADER = YES;
				CLANG_WARN_RANGE_LOOP_ANALYSIS = YES;
				CLANG_WARN_STRICT_PROTOTYPES = YES;
				CLANG_WARN_SUSPICIOUS_MOVE = YES;
				CLANG_WARN_UNGUARDED_AVAILABILITY = YES_AGGRESSIVE;
				CLANG_WARN_UNREACHABLE_CODE = YES;
				CLANG_WARN__DUPLICATE_METHOD_MATCH = YES;
				COPY_PHASE_STRIP = NO;
				DEBUG_INFORMATION_FORMAT = "dwarf-with-dsym";
				ENABLE_NS_ASSERTIONS = NO;
				ENABLE_STRICT_OBJC_MSGSEND = YES;
				GCC_C_LANGUAGE_STANDARD = gnu11;
				GCC_NO_COMMON_BLOCKS = YES;
				GCC_WARN_64_TO_32_BIT_CONVERSION = YES;
				GCC_WARN_ABOUT_RETURN_TYPE = YES_ERROR;
				GCC_WARN_UNDECLARED_SELECTOR = YES;
				GCC_WARN_UNINITIALIZED_AUTOS = YES_AGGRESSIVE;
				GCC_WARN_UNUSED_FUNCTION = YES;
				GCC_WARN_UNUSED_VARIABLE = YES;
				IPHONEOS_DEPLOYMENT_TARGET = 15.5;
				MTL_ENABLE_DEBUG_INFO = NO;
				MTL_FAST_MATH = YES;
				SDKROOT = iphoneos;
				SWIFT_COMPILATION_MODE = wholemodule;
				SWIFT_OPTIMIZATION_LEVEL = "-O";
				VALIDATE_PRODUCT = YES;
			};
			name = Release;
		};
		2C87438D29A79C430021020B /* Debug */ = {
			isa = XCBuildConfiguration;
			buildSettings = {
				ASSETCATALOG_COMPILER_APPICON_NAME = AppIcon;
				ASSETCATALOG_COMPILER_GLOBAL_ACCENT_COLOR_NAME = AccentColor;
				CODE_SIGN_STYLE = Automatic;
				CURRENT_PROJECT_VERSION = 1;
				GENERATE_INFOPLIST_FILE = YES;
				INFOPLIST_FILE = TestUnitApp/Info.plist;
				INFOPLIST_KEY_UIApplicationSupportsIndirectInputEvents = YES;
				INFOPLIST_KEY_UILaunchStoryboardName = LaunchScreen;
				INFOPLIST_KEY_UIMainStoryboardFile = Main;
				INFOPLIST_KEY_UISupportedInterfaceOrientations_iPad = "UIInterfaceOrientationPortrait UIInterfaceOrientationPortraitUpsideDown UIInterfaceOrientationLandscapeLeft UIInterfaceOrientationLandscapeRight";
				INFOPLIST_KEY_UISupportedInterfaceOrientations_iPhone = "UIInterfaceOrientationPortrait UIInterfaceOrientationLandscapeLeft UIInterfaceOrientationLandscapeRight";
				LD_RUNPATH_SEARCH_PATHS = (
					"$(inherited)",
					"@executable_path/Frameworks",
				);
				MARKETING_VERSION = 1.0;
				PRODUCT_BUNDLE_IDENTIFIER = br.com.nttdataeveris.TestUnitApp;
				PRODUCT_NAME = "$(TARGET_NAME)";
				SWIFT_EMIT_LOC_STRINGS = YES;
				SWIFT_VERSION = 5.0;
				TARGETED_DEVICE_FAMILY = "1,2";
			};
			name = Debug;
		};
		2C87438E29A79C430021020B /* Release */ = {
			isa = XCBuildConfiguration;
			buildSettings = {
				ASSETCATALOG_COMPILER_APPICON_NAME = AppIcon;
				ASSETCATALOG_COMPILER_GLOBAL_ACCENT_COLOR_NAME = AccentColor;
				CODE_SIGN_STYLE = Automatic;
				CURRENT_PROJECT_VERSION = 1;
				GENERATE_INFOPLIST_FILE = YES;
				INFOPLIST_FILE = TestUnitApp/Info.plist;
				INFOPLIST_KEY_UIApplicationSupportsIndirectInputEvents = YES;
				INFOPLIST_KEY_UILaunchStoryboardName = LaunchScreen;
				INFOPLIST_KEY_UIMainStoryboardFile = Main;
				INFOPLIST_KEY_UISupportedInterfaceOrientations_iPad = "UIInterfaceOrientationPortrait UIInterfaceOrientationPortraitUpsideDown UIInterfaceOrientationLandscapeLeft UIInterfaceOrientationLandscapeRight";
				INFOPLIST_KEY_UISupportedInterfaceOrientations_iPhone = "UIInterfaceOrientationPortrait UIInterfaceOrientationLandscapeLeft UIInterfaceOrientationLandscapeRight";
				LD_RUNPATH_SEARCH_PATHS = (
					"$(inherited)",
					"@executable_path/Frameworks",
				);
				MARKETING_VERSION = 1.0;
				PRODUCT_BUNDLE_IDENTIFIER = br.com.nttdataeveris.TestUnitApp;
				PRODUCT_NAME = "$(TARGET_NAME)";
				SWIFT_EMIT_LOC_STRINGS = YES;
				SWIFT_VERSION = 5.0;
				TARGETED_DEVICE_FAMILY = "1,2";
			};
			name = Release;
		};
		2C87439029A79C430021020B /* Debug */ = {
			isa = XCBuildConfiguration;
			buildSettings = {
				ALWAYS_EMBED_SWIFT_STANDARD_LIBRARIES = YES;
				BUNDLE_LOADER = "$(TEST_HOST)";
				CODE_SIGN_STYLE = Automatic;
				CURRENT_PROJECT_VERSION = 1;
				GENERATE_INFOPLIST_FILE = YES;
				IPHONEOS_DEPLOYMENT_TARGET = 15.5;
				MARKETING_VERSION = 1.0;
				PRODUCT_BUNDLE_IDENTIFIER = br.com.nttdataeveris.TestUnitAppTests;
				PRODUCT_NAME = "$(TARGET_NAME)";
				SWIFT_EMIT_LOC_STRINGS = NO;
				SWIFT_VERSION = 5.0;
				TARGETED_DEVICE_FAMILY = "1,2";
				TEST_HOST = "$(BUILT_PRODUCTS_DIR)/TestUnitApp.app/TestUnitApp";
			};
			name = Debug;
		};
		2C87439129A79C430021020B /* Release */ = {
			isa = XCBuildConfiguration;
			buildSettings = {
				ALWAYS_EMBED_SWIFT_STANDARD_LIBRARIES = YES;
				BUNDLE_LOADER = "$(TEST_HOST)";
				CODE_SIGN_STYLE = Automatic;
				CURRENT_PROJECT_VERSION = 1;
				GENERATE_INFOPLIST_FILE = YES;
				IPHONEOS_DEPLOYMENT_TARGET = 15.5;
				MARKETING_VERSION = 1.0;
				PRODUCT_BUNDLE_IDENTIFIER = br.com.nttdataeveris.TestUnitAppTests;
				PRODUCT_NAME = "$(TARGET_NAME)";
				SWIFT_EMIT_LOC_STRINGS = NO;
				SWIFT_VERSION = 5.0;
				TARGETED_DEVICE_FAMILY = "1,2";
				TEST_HOST = "$(BUILT_PRODUCTS_DIR)/TestUnitApp.app/TestUnitApp";
			};
			name = Release;
		};
/* End XCBuildConfiguration section */

/* Begin XCConfigurationList section */
		2C87435D29A79C3F0021020B /* Build configuration list for PBXProject "TestUnitApp" */ = {
			isa = XCConfigurationList;
			buildConfigurations = (
				2C87438A29A79C430021020B /* Debug */,
				2C87438B29A79C430021020B /* Release */,
			);
			defaultConfigurationIsVisible = 0;
			defaultConfigurationName = Release;
		};
		2C87438C29A79C430021020B /* Build configuration list for PBXNativeTarget "TestUnitApp" */ = {
			isa = XCConfigurationList;
			buildConfigurations = (
				2C87438D29A79C430021020B /* Debug */,
				2C87438E29A79C430021020B /* Release */,
			);
			defaultConfigurationIsVisible = 0;
			defaultConfigurationName = Release;
		};
		2C87438F29A79C430021020B /* Build configuration list for PBXNativeTarget "TestUnitAppTests" */ = {
			isa = XCConfigurationList;
			buildConfigurations = (
				2C87439029A79C430021020B /* Debug */,
				2C87439129A79C430021020B /* Release */,
			);
			defaultConfigurationIsVisible = 0;
			defaultConfigurationName = Release;
		};
/* End XCConfigurationList section */
	};
	rootObject = 2C87435A29A79C3F0021020B /* Project object */;
}
